
Microsoft Visual Studio Solution File, Format Version 12.00
# Visual Studio 15
VisualStudioVersion = 15.0.27825.0
MinimumVisualStudioVersion = 10.0.40219.1
Project("{840C416C-B8F3-42BC-B0DD-F6BB14C9F8CB}") = "Krypton Toolkit for .NET 4.7.2", "Krypton Toolkit for .NET 4.7.2\Krypton Toolkit for .NET 4.7.2.aiproj", "{961E6EA6-6DAD-4831-A3EF-68B38352D3B8}"
EndProject
Global
	GlobalSection(SolutionConfigurationPlatforms) = preSolution
		All|Default = All|Default
	EndGlobalSection
	GlobalSection(ProjectConfigurationPlatforms) = postSolution
		{961E6EA6-6DAD-4831-A3EF-68B38352D3B8}.All|Default.ActiveCfg = DefaultBuild
		{961E6EA6-6DAD-4831-A3EF-68B38352D3B8}.All|Default.Build.0 = DefaultBuild
	EndGlobalSection
	GlobalSection(SolutionProperties) = preSolution
		HideSolutionNode = FALSE
	EndGlobalSection
	GlobalSection(ExtensibilityGlobals) = postSolution
		SolutionGuid = {32207EB3-ABD6-4E4C-8DEF-0B812D36415F}
	EndGlobalSection
EndGlobal
